{
  "nodes": {
    "flake-utils": {
      "locked": {
        "lastModified": 1644229661,
        "narHash": "sha256-1YdnJAsNy69bpcjuoKdOYQX0YxZBiCYZo4Twxerqv7k=",
        "owner": "numtide",
        "repo": "flake-utils",
        "rev": "3cecb5b042f7f209c56ffd8371b2711a290ec797",
        "type": "github"
      },
      "original": {
        "owner": "numtide",
        "repo": "flake-utils",
        "type": "github"
      }
    },
    "home-manager": {
      "inputs": {
        "nixpkgs": [
          "nixpkgs-stable"
        ]
      },
      "locked": {
        "lastModified": 1646364779,
        "narHash": "sha256-481vkO9b3h++bHzLbGDDhgpBoXQ0Wlo4lm4h5/EJMO4=",
        "owner": "nix-community",
        "repo": "home-manager",
        "rev": "d119cea3763977801ad66330668c1ab4346cb7f7",
        "type": "github"
      },
      "original": {
        "owner": "nix-community",
        "repo": "home-manager",
        "type": "github"
      }
    },
    "nixos-hardware": {
      "locked": {
        "lastModified": 1645855197,
        "narHash": "sha256-0FvBpX/9n69vg+XgcMow0RIRYbTHav1uCbL9Xt9HvcA=",
        "owner": "nixos",
        "repo": "nixos-hardware",
        "rev": "c3c66f6db4ac74a59eb83d83e40c10046ebc0b8c",
        "type": "github"
      },
      "original": {
        "owner": "nixos",
        "repo": "nixos-hardware",
        "type": "github"
      }
    },
    "nixpkgs-master": {
      "locked": {
        "lastModified": 1646394972,
        "narHash": "sha256-3vDtVZiBHHqcHojlxbiqr1Ues9rekGwS+D9FgVgLkb8=",
        "owner": "nixos",
        "repo": "nixpkgs",
        "rev": "26f7da7478f13917a626ced377c34273122bd2fe",
        "type": "github"
      },
      "original": {
        "owner": "nixos",
        "repo": "nixpkgs",
        "type": "github"
      }
    },
    "nixpkgs-stable": {
      "locked": {
        "lastModified": 1646258393,
        "narHash": "sha256-mKDoCi5Baqainjf0Nx6oTPhaxKQdj4P17XTdhTtXGRA=",
        "owner": "nixos",
        "repo": "nixpkgs",
        "rev": "ed02c2ba0384b2800db41333045a6fb781f12aac",
        "type": "github"
      },
      "original": {
        "owner": "nixos",
        "ref": "nixos-21.11",
        "repo": "nixpkgs",
        "type": "github"
      }
    },
    "nixpkgs-unstable": {
      "locked": {
        "lastModified": 1646254136,
        "narHash": "sha256-8nQx02tTzgYO21BP/dy5BCRopE8OwE8Drsw98j+Qoaw=",
        "owner": "nixos",
        "repo": "nixpkgs",
        "rev": "3e072546ea98db00c2364b81491b893673267827",
        "type": "github"
      },
      "original": {
        "owner": "nixos",
        "ref": "nixos-unstable",
        "repo": "nixpkgs",
        "type": "github"
      }
    },
    "root": {
      "inputs": {
        "flake-utils": "flake-utils",
        "home-manager": "home-manager",
        "nixos-hardware": "nixos-hardware",
        "nixpkgs-master": "nixpkgs-master",
        "nixpkgs-stable": "nixpkgs-stable",
        "nixpkgs-unstable": "nixpkgs-unstable"
      }
    }
  },
  "root": "root",
  "version": 7
}
