{
  "nodes": {
    "base16-schemes": {
      "flake": false,
      "locked": {
        "lastModified": 1654895891,
        "narHash": "sha256-xYYmZkHnyLCUBAkqkZ7v1Lc5m39857MukQLMRtGuvdk=",
        "owner": "base16-project",
        "repo": "base16-schemes",
        "rev": "7c247f734eac7f04518c6e28d098635ee8dcabf5",
        "type": "github"
      },
      "original": {
        "owner": "base16-project",
        "repo": "base16-schemes",
        "type": "github"
      }
    },
    "flake-compat": {
      "flake": false,
      "locked": {
        "lastModified": 1650374568,
        "narHash": "sha256-Z+s0J8/r907g149rllvwhb4pKi8Wam5ij0st8PwAh+E=",
        "owner": "edolstra",
        "repo": "flake-compat",
        "rev": "b4a34015c698c7793d592d66adbab377907a2be8",
        "type": "github"
      },
      "original": {
        "owner": "edolstra",
        "repo": "flake-compat",
        "type": "github"
      }
    },
    "flake-utils": {
      "locked": {
        "lastModified": 1656928814,
        "narHash": "sha256-RIFfgBuKz6Hp89yRr7+NR5tzIAbn52h8vT6vXkYjZoM=",
        "owner": "numtide",
        "repo": "flake-utils",
        "rev": "7e2a3b3dfd9af950a856d66b0a7d01e3c18aa249",
        "type": "github"
      },
      "original": {
        "owner": "numtide",
        "repo": "flake-utils",
        "type": "github"
      }
    },
    "home-manager": {
      "inputs": {
        "nixpkgs": [
          "nixpkgs-stable"
        ],
        "utils": "utils"
      },
      "locked": {
        "lastModified": 1657621596,
        "narHash": "sha256-lRd1RHpuSaCvkXSLBV/eTW0cKt4pj51yW0d62Yg9dAs=",
        "owner": "nix-community",
        "repo": "home-manager",
        "rev": "1e66e035e18ca02d72ebbbc83e4e75fa0acdf1af",
        "type": "github"
      },
      "original": {
        "owner": "nix-community",
        "repo": "home-manager",
        "type": "github"
      }
    },
    "nix-colors": {
      "inputs": {
        "base16-schemes": "base16-schemes"
      },
      "locked": {
        "lastModified": 1657130915,
        "narHash": "sha256-RmvKqcW6QujbbwT7LCoAWFVtqlTcN25W92ytu47QiU4=",
        "owner": "misterio77",
        "repo": "nix-colors",
        "rev": "d97b39696794be1ece13fd58996c9a102bc9a971",
        "type": "github"
      },
      "original": {
        "owner": "misterio77",
        "repo": "nix-colors",
        "type": "github"
      }
    },
    "nixos-hardware": {
      "locked": {
        "lastModified": 1656933710,
        "narHash": "sha256-SVG8EqY1OTJWBRY4hpct2ZR2Rk0L8hCFkug3m0ABoZE=",
        "owner": "nixos",
        "repo": "nixos-hardware",
        "rev": "3bf48d3587d3f34f745a19ebc968b002ef5b5c5a",
        "type": "github"
      },
      "original": {
        "owner": "nixos",
        "repo": "nixos-hardware",
        "type": "github"
      }
    },
    "nixpkgs-master": {
      "locked": {
        "lastModified": 1657644345,
        "narHash": "sha256-RJhh6+nxuysYi2sjaO4/Xw9bjT+QDaoJYSStZ56f4sU=",
        "owner": "nixos",
        "repo": "nixpkgs",
        "rev": "0c76e36189d8319a0c822246c9c4270347f83db1",
        "type": "github"
      },
      "original": {
        "owner": "nixos",
        "repo": "nixpkgs",
        "type": "github"
      }
    },
    "nixpkgs-stable": {
      "locked": {
        "lastModified": 1657476024,
        "narHash": "sha256-4xnAf6VxE/efOwHt/MsG/g1gmpT78n/8oHqF1atzNjI=",
        "owner": "nixos",
        "repo": "nixpkgs",
        "rev": "cf034a867e08b7e083df1658c915c58456dbbde2",
        "type": "github"
      },
      "original": {
        "owner": "nixos",
        "ref": "nixos-22.05",
        "repo": "nixpkgs",
        "type": "github"
      }
    },
    "nixpkgs-unstable": {
      "locked": {
        "lastModified": 1657447684,
        "narHash": "sha256-FCP9AuU1q6PE3vOeM5SFf58f/UKPBAsoSGDUGamNBbo=",
        "owner": "nixos",
        "repo": "nixpkgs",
        "rev": "5f43d8b088d3771274bcfb69d3c7435b1121ac88",
        "type": "github"
      },
      "original": {
        "owner": "nixos",
        "ref": "nixos-unstable",
        "repo": "nixpkgs",
        "type": "github"
      }
    },
    "root": {
      "inputs": {
        "flake-compat": "flake-compat",
        "flake-utils": "flake-utils",
        "home-manager": "home-manager",
        "nix-colors": "nix-colors",
        "nixos-hardware": "nixos-hardware",
        "nixpkgs-master": "nixpkgs-master",
        "nixpkgs-stable": "nixpkgs-stable",
        "nixpkgs-unstable": "nixpkgs-unstable",
        "vscodeInsiders": "vscodeInsiders"
      }
    },
    "utils": {
      "locked": {
        "lastModified": 1653893745,
        "narHash": "sha256-0jntwV3Z8//YwuOjzhV2sgJJPt+HY6KhU7VZUL0fKZQ=",
        "owner": "numtide",
        "repo": "flake-utils",
        "rev": "1ed9fb1935d260de5fe1c2f7ee0ebaae17ed2fa1",
        "type": "github"
      },
      "original": {
        "owner": "numtide",
        "repo": "flake-utils",
        "type": "github"
      }
    },
    "vscodeInsiders": {
      "inputs": {
        "flake-utils": [
          "flake-utils"
        ],
        "unstable": [
          "nixpkgs-unstable"
        ]
      },
      "locked": {
        "lastModified": 1657613473,
        "narHash": "sha256-gdwdehZYp5X6CsRognOPi/zxprJfaxcmi5azv8ydqzc=",
        "owner": "cideM",
        "repo": "visual-studio-code-insiders-nix",
        "rev": "90ca26413f685c46d5e4fb610cf224c67692024f",
        "type": "github"
      },
      "original": {
        "owner": "cideM",
        "repo": "visual-studio-code-insiders-nix",
        "type": "github"
      }
    }
  },
  "root": "root",
  "version": 7
}
