{
  "nodes": {
    "base16-schemes": {
      "flake": false,
      "locked": {
        "lastModified": 1665690101,
        "narHash": "sha256-J2ZvNaVFkqaTXzYO5L+jyRORfIOavFPKvWItP6UTMKs=",
        "owner": "tinted-theming",
        "repo": "base16-schemes",
        "rev": "a3dc916cf90471a422c0bfe1bb4b1bdd12185ced",
        "type": "github"
      },
      "original": {
        "owner": "tinted-theming",
        "repo": "base16-schemes",
        "type": "github"
      }
    },
    "flake-compat": {
      "flake": false,
      "locked": {
        "lastModified": 1673956053,
        "narHash": "sha256-4gtG9iQuiKITOjNQQeQIpoIB6b16fm+504Ch3sNKLd8=",
        "owner": "edolstra",
        "repo": "flake-compat",
        "rev": "35bb57c0c8d8b62bbfd284272c928ceb64ddbde9",
        "type": "github"
      },
      "original": {
        "owner": "edolstra",
        "repo": "flake-compat",
        "type": "github"
      }
    },
    "flake-utils": {
      "locked": {
        "lastModified": 1676283394,
        "narHash": "sha256-XX2f9c3iySLCw54rJ/CZs+ZK6IQy7GXNY4nSOyu2QG4=",
        "owner": "numtide",
        "repo": "flake-utils",
        "rev": "3db36a8b464d0c4532ba1c7dda728f4576d6d073",
        "type": "github"
      },
      "original": {
        "owner": "numtide",
        "repo": "flake-utils",
        "type": "github"
      }
    },
    "gitignore": {
      "inputs": {
        "nixpkgs": [
          "pre-commit-hooks",
          "nixpkgs"
        ]
      },
      "locked": {
        "lastModified": 1660459072,
        "narHash": "sha256-8DFJjXG8zqoONA1vXtgeKXy68KdJL5UaXR8NtVMUbx8=",
        "owner": "hercules-ci",
        "repo": "gitignore.nix",
        "rev": "a20de23b925fd8264fd7fad6454652e142fd7f73",
        "type": "github"
      },
      "original": {
        "owner": "hercules-ci",
        "repo": "gitignore.nix",
        "type": "github"
      }
    },
    "home-manager": {
      "inputs": {
        "nixpkgs": [
          "nixpkgs-unstable"
        ],
        "utils": [
          "flake-utils"
        ]
      },
      "locked": {
        "lastModified": 1676933022,
        "narHash": "sha256-gLghsEHOy2W2ZmSwqNOyj2mSHe9SMpdcbqnoySlZnmY=",
        "owner": "nix-community",
        "repo": "home-manager",
        "rev": "5e889b385c43a8a72ada5ebc4888bbebb129b438",
        "type": "github"
      },
      "original": {
        "owner": "nix-community",
        "repo": "home-manager",
        "type": "github"
      }
    },
    "nix-colors": {
      "inputs": {
        "base16-schemes": "base16-schemes",
        "nixpkgs-lib": "nixpkgs-lib"
      },
      "locked": {
        "lastModified": 1672236234,
        "narHash": "sha256-dpBIuxcDEvJbLD8fTipE0A0JbQD1lZB94zYFPoh01PI=",
        "owner": "misterio77",
        "repo": "nix-colors",
        "rev": "7e459f1d88ac54fc2f4b308adb5064863006e4b1",
        "type": "github"
      },
      "original": {
        "owner": "misterio77",
        "repo": "nix-colors",
        "type": "github"
      }
    },
    "nix-darwin": {
      "inputs": {
        "nixpkgs": [
          "nixpkgs-unstable"
        ]
      },
      "locked": {
        "lastModified": 1673295039,
        "narHash": "sha256-AsdYgE8/GPwcelGgrntlijMg4t3hLFJFCRF3tL5WVjA=",
        "owner": "lnl7",
        "repo": "nix-darwin",
        "rev": "87b9d090ad39b25b2400029c64825fc2a8868943",
        "type": "github"
      },
      "original": {
        "owner": "lnl7",
        "ref": "master",
        "repo": "nix-darwin",
        "type": "github"
      }
    },
    "nix-filter": {
      "locked": {
        "lastModified": 1676294984,
        "narHash": "sha256-hdLUa/3RH1VJ+gMUysQE0JGM4F2Q/tIIFbtoxAOurJQ=",
        "owner": "numtide",
        "repo": "nix-filter",
        "rev": "fc282c5478e4141842f9644c239a41cfe9586732",
        "type": "github"
      },
      "original": {
        "owner": "numtide",
        "repo": "nix-filter",
        "type": "github"
      }
    },
    "nix-monitored": {
      "inputs": {
        "flake-compat": [
          "flake-compat"
        ],
        "flake-utils": [
          "flake-utils"
        ],
        "nix-filter": "nix-filter",
        "nixpkgs": [
          "nixpkgs-unstable"
        ],
        "pre-commit-hooks": [
          "pre-commit-hooks"
        ]
      },
      "locked": {
        "lastModified": 1676585292,
        "narHash": "sha256-Mzsh4v/81zkx31gp8v0XxYZplR/pSdorACKaJz4Jcx8=",
        "owner": "ners",
        "repo": "nix-monitored",
        "rev": "3a95439400557f1705552238a2effd8c7fae92af",
        "type": "github"
      },
      "original": {
        "owner": "ners",
        "repo": "nix-monitored",
        "type": "github"
      }
    },
    "nixos-hardware": {
      "locked": {
        "lastModified": 1676924492,
        "narHash": "sha256-78278eyP55JRFe7UCpmFwdkrTY6H2arzTpVeteWo8kM=",
        "owner": "nixos",
        "repo": "nixos-hardware",
        "rev": "d24ea777c57b69c6b143cf11d83184ef71b0dbbf",
        "type": "github"
      },
      "original": {
        "owner": "nixos",
        "repo": "nixos-hardware",
        "type": "github"
      }
    },
    "nixpkgs-lib": {
      "locked": {
        "lastModified": 1655599917,
        "narHash": "sha256-kjZbt5WdTrnjMxL79okg9TCoRUdADG50x/TWozbyTsE=",
        "owner": "nix-community",
        "repo": "nixpkgs.lib",
        "rev": "5fb55578aa2f1a502d636a8ac71aece57cb730bb",
        "type": "github"
      },
      "original": {
        "owner": "nix-community",
        "repo": "nixpkgs.lib",
        "type": "github"
      }
    },
    "nixpkgs-master": {
      "locked": {
        "lastModified": 1677000517,
        "narHash": "sha256-MuXkSRYw/sa46V6mSKp/2lRY0AkhZawGUSxB2WImx7c=",
        "owner": "nixos",
        "repo": "nixpkgs",
        "rev": "ffdae3d38630564a8578143a2e66353f3b44f291",
        "type": "github"
      },
      "original": {
        "owner": "nixos",
        "repo": "nixpkgs",
        "type": "github"
      }
    },
    "nixpkgs-stable": {
      "locked": {
        "lastModified": 1676895851,
        "narHash": "sha256-xdhBKw2el790G+88tZYpRWlP9VjQC9OLR5Jx84VPe08=",
        "owner": "nixos",
        "repo": "nixpkgs",
        "rev": "e19f25b587f15871d26442cfa1abe4418a815d7d",
        "type": "github"
      },
      "original": {
        "owner": "nixos",
        "ref": "nixos-22.11",
        "repo": "nixpkgs",
        "type": "github"
      }
    },
    "nixpkgs-unstable": {
      "locked": {
        "lastModified": 1676885936,
        "narHash": "sha256-ZRKb6zBfTvdCOXI7nGC1L9UWSU5ay2ltxg+f5UIzBOU=",
        "owner": "nixos",
        "repo": "nixpkgs",
        "rev": "b69883faca9542d135fa6bab7928ff1b233c167f",
        "type": "github"
      },
      "original": {
        "owner": "nixos",
        "ref": "nixos-unstable",
        "repo": "nixpkgs",
        "type": "github"
      }
    },
    "pre-commit-hooks": {
      "inputs": {
        "flake-compat": [
          "flake-compat"
        ],
        "flake-utils": [
          "flake-utils"
        ],
        "gitignore": "gitignore",
        "nixpkgs": [
          "nixpkgs-unstable"
        ],
        "nixpkgs-stable": [
          "nixpkgs-stable"
        ]
      },
      "locked": {
        "lastModified": 1676879534,
        "narHash": "sha256-HU4RXcwsAX1u7AUbGOBDxkYQkeODcn+HZjXqKa1y/hk=",
        "owner": "cachix",
        "repo": "pre-commit-hooks.nix",
        "rev": "c9495f017f67a11e9c9909b032dc7762dfc853cf",
        "type": "github"
      },
      "original": {
        "owner": "cachix",
        "repo": "pre-commit-hooks.nix",
        "type": "github"
      }
    },
    "root": {
      "inputs": {
        "flake-compat": "flake-compat",
        "flake-utils": "flake-utils",
        "home-manager": "home-manager",
        "nix-colors": "nix-colors",
        "nix-darwin": "nix-darwin",
        "nix-monitored": "nix-monitored",
        "nixos-hardware": "nixos-hardware",
        "nixpkgs-master": "nixpkgs-master",
        "nixpkgs-stable": "nixpkgs-stable",
        "nixpkgs-unstable": "nixpkgs-unstable",
        "pre-commit-hooks": "pre-commit-hooks",
        "vscodeInsiders": "vscodeInsiders"
      }
    },
    "vscodeInsiders": {
      "flake": false,
      "locked": {
        "narHash": "sha256-72q+iPcFhrYy2ZmSZjtUdhT29l6EicjSYruzCscRUYg=",
        "type": "tarball",
        "url": "https://code.visualstudio.com/sha/download?build=insider&os=linux-x64"
      },
      "original": {
        "type": "tarball",
        "url": "https://code.visualstudio.com/sha/download?build=insider&os=linux-x64"
      }
    }
  },
  "root": "root",
  "version": 7
}
